
Microsoft Visual Studio Solution File, Format Version 12.00
# Visual Studio 15
Project("{FAE04EC0-301F-11D3-BF4B-00C04F79EFBC}") = "Assembly-CSharp", "Assembly-CSharp.csproj", "{02C08EFF-5139-3A4C-AF8E-F189E6259F33}"
EndProject
Project("{FAE04EC0-301F-11D3-BF4B-00C04F79EFBC}") = "Assembly-CSharp-Editor", "Assembly-CSharp-Editor.csproj", "{B9202F54-E20E-DB05-7BE2-E0CCE1654BEB}"
EndProject
Global
	GlobalSection(SolutionConfigurationPlatforms) = preSolution
		Debug|Any CPU = Debug|Any CPU
		Release|Any CPU = Release|Any CPU
	EndGlobalSection
	GlobalSection(ProjectConfigurationPlatforms) = postSolution
		{02C08EFF-5139-3A4C-AF8E-F189E6259F33}.Debug|Any CPU.ActiveCfg = Debug|Any CPU
		{02C08EFF-5139-3A4C-AF8E-F189E6259F33}.Debug|Any CPU.Build.0 = Debug|Any CPU
		{02C08EFF-5139-3A4C-AF8E-F189E6259F33}.Release|Any CPU.ActiveCfg = Release|Any CPU
		{02C08EFF-5139-3A4C-AF8E-F189E6259F33}.Release|Any CPU.Build.0 = Release|Any CPU
		{B9202F54-E20E-DB05-7BE2-E0CCE1654BEB}.Debug|Any CPU.ActiveCfg = Debug|Any CPU
		{B9202F54-E20E-DB05-7BE2-E0CCE1654BEB}.Debug|Any CPU.Build.0 = Debug|Any CPU
		{B9202F54-E20E-DB05-7BE2-E0CCE1654BEB}.Release|Any CPU.ActiveCfg = Release|Any CPU
		{B9202F54-E20E-DB05-7BE2-E0CCE1654BEB}.Release|Any CPU.Build.0 = Release|Any CPU
	EndGlobalSection
	GlobalSection(SolutionProperties) = preSolution
		HideSolutionNode = FALSE
	EndGlobalSection
EndGlobal
